
Microsoft Visual Studio Solution File, Format Version 11.00
# Visual Studio 2010
Project("{FAE04EC0-301F-11D3-BF4B-00C04F79EFBC}") = "Jayway.Test.Receiver", "Jayway.Test.Receiver\Jayway.Test.Receiver.csproj", "{22965689-7E35-4C32-97D9-90488319DED7}"
EndProject
Project("{FAE04EC0-301F-11D3-BF4B-00C04F79EFBC}") = "Jayway.Test.Messages", "Jayway.Test.Messages\Jayway.Test.Messages.csproj", "{87283C4F-2D4D-476D-823F-8CCAB343C0AE}"
EndProject
Project("{2150E333-8FDC-42A3-9474-1A3956D46DE8}") = "docs", "docs", "{7B252ED7-89A2-4E44-A54C-479AE64B7705}"
	ProjectSection(SolutionItems) = preProject
		README.md = README.md
	EndProjectSection
EndProject
Global
	GlobalSection(SolutionConfigurationPlatforms) = preSolution
		Debug|Any CPU = Debug|Any CPU
		Debug|Mixed Platforms = Debug|Mixed Platforms
		Debug|x86 = Debug|x86
		Release|Any CPU = Release|Any CPU
		Release|Mixed Platforms = Release|Mixed Platforms
		Release|x86 = Release|x86
	EndGlobalSection
	GlobalSection(ProjectConfigurationPlatforms) = postSolution
		{22965689-7E35-4C32-97D9-90488319DED7}.Debug|Any CPU.ActiveCfg = Debug|x86
		{22965689-7E35-4C32-97D9-90488319DED7}.Debug|Mixed Platforms.ActiveCfg = Debug|x86
		{22965689-7E35-4C32-97D9-90488319DED7}.Debug|Mixed Platforms.Build.0 = Debug|x86
		{22965689-7E35-4C32-97D9-90488319DED7}.Debug|x86.ActiveCfg = Debug|x86
		{22965689-7E35-4C32-97D9-90488319DED7}.Debug|x86.Build.0 = Debug|x86
		{22965689-7E35-4C32-97D9-90488319DED7}.Release|Any CPU.ActiveCfg = Release|x86
		{22965689-7E35-4C32-97D9-90488319DED7}.Release|Mixed Platforms.ActiveCfg = Release|x86
		{22965689-7E35-4C32-97D9-90488319DED7}.Release|Mixed Platforms.Build.0 = Release|x86
		{22965689-7E35-4C32-97D9-90488319DED7}.Release|x86.ActiveCfg = Release|x86
		{22965689-7E35-4C32-97D9-90488319DED7}.Release|x86.Build.0 = Release|x86
		{87283C4F-2D4D-476D-823F-8CCAB343C0AE}.Debug|Any CPU.ActiveCfg = Debug|Any CPU
		{87283C4F-2D4D-476D-823F-8CCAB343C0AE}.Debug|Any CPU.Build.0 = Debug|Any CPU
		{87283C4F-2D4D-476D-823F-8CCAB343C0AE}.Debug|Mixed Platforms.ActiveCfg = Debug|Any CPU
		{87283C4F-2D4D-476D-823F-8CCAB343C0AE}.Debug|Mixed Platforms.Build.0 = Debug|Any CPU
		{87283C4F-2D4D-476D-823F-8CCAB343C0AE}.Debug|x86.ActiveCfg = Debug|Any CPU
		{87283C4F-2D4D-476D-823F-8CCAB343C0AE}.Release|Any CPU.ActiveCfg = Release|Any CPU
		{87283C4F-2D4D-476D-823F-8CCAB343C0AE}.Release|Any CPU.Build.0 = Release|Any CPU
		{87283C4F-2D4D-476D-823F-8CCAB343C0AE}.Release|Mixed Platforms.ActiveCfg = Release|Any CPU
		{87283C4F-2D4D-476D-823F-8CCAB343C0AE}.Release|Mixed Platforms.Build.0 = Release|Any CPU
		{87283C4F-2D4D-476D-823F-8CCAB343C0AE}.Release|x86.ActiveCfg = Release|Any CPU
	EndGlobalSection
	GlobalSection(SolutionProperties) = preSolution
		HideSolutionNode = FALSE
	EndGlobalSection
EndGlobal
